// !$*UTF8*$!
{
	archiveVersion = 1;
	classes = {
	};
	objectVersion = 56;
	objects = {

/* Begin PBXBuildFile section */
		118D32FF2B37595E009C8B0B /* TaskEntity+CoreDataProperties.swift in Sources */ = {isa = PBXBuildFile; fileRef = 118D32FD2B37595E009C8B0B /* TaskEntity+CoreDataProperties.swift */; };
		118D33002B37595E009C8B0B /* TaskEntity+CoreDataClass.swift in Sources */ = {isa = PBXBuildFile; fileRef = 118D32FE2B37595E009C8B0B /* TaskEntity+CoreDataClass.swift */; };
		118D33192B39CF1B009C8B0B /* ToTaskVCProtocol.swift in Sources */ = {isa = PBXBuildFile; fileRef = 118D33182B39CF1B009C8B0B /* ToTaskVCProtocol.swift */; };
		11F89E3A2B0E62C900EBB9AF /* AppDelegate.swift in Sources */ = {isa = PBXBuildFile; fileRef = 11F89E392B0E62C900EBB9AF /* AppDelegate.swift */; };
		11F89E3C2B0E62C900EBB9AF /* SceneDelegate.swift in Sources */ = {isa = PBXBuildFile; fileRef = 11F89E3B2B0E62C900EBB9AF /* SceneDelegate.swift */; };
		11F89E3E2B0E62C900EBB9AF /* ViewController.swift in Sources */ = {isa = PBXBuildFile; fileRef = 11F89E3D2B0E62C900EBB9AF /* ViewController.swift */; };
		11F89E412B0E62C900EBB9AF /* Main.storyboard in Resources */ = {isa = PBXBuildFile; fileRef = 11F89E3F2B0E62C900EBB9AF /* Main.storyboard */; };
		11F89E442B0E62C900EBB9AF /* WeekPulse.xcdatamodeld in Sources */ = {isa = PBXBuildFile; fileRef = 11F89E422B0E62C900EBB9AF /* WeekPulse.xcdatamodeld */; };
		11F89E462B0E62CA00EBB9AF /* Assets.xcassets in Resources */ = {isa = PBXBuildFile; fileRef = 11F89E452B0E62CA00EBB9AF /* Assets.xcassets */; };
		11F89E492B0E62CA00EBB9AF /* LaunchScreen.storyboard in Resources */ = {isa = PBXBuildFile; fileRef = 11F89E472B0E62CA00EBB9AF /* LaunchScreen.storyboard */; };
		11F89E542B0E62CA00EBB9AF /* WeekPulseTests.swift in Sources */ = {isa = PBXBuildFile; fileRef = 11F89E532B0E62CA00EBB9AF /* WeekPulseTests.swift */; };
		11F89E5E2B0E62CA00EBB9AF /* WeekPulseUITests.swift in Sources */ = {isa = PBXBuildFile; fileRef = 11F89E5D2B0E62CA00EBB9AF /* WeekPulseUITests.swift */; };
		11F89E602B0E62CA00EBB9AF /* WeekPulseUITestsLaunchTests.swift in Sources */ = {isa = PBXBuildFile; fileRef = 11F89E5F2B0E62CA00EBB9AF /* WeekPulseUITestsLaunchTests.swift */; };
		11F89E782B11056800EBB9AF /* TaskViewController.swift in Sources */ = {isa = PBXBuildFile; fileRef = 11F89E772B11056800EBB9AF /* TaskViewController.swift */; };
		11F89E812B123B6000EBB9AF /* TaskTableViewCell.swift in Sources */ = {isa = PBXBuildFile; fileRef = 11F89E7F2B123B6000EBB9AF /* TaskTableViewCell.swift */; };
		11F89E822B123B6000EBB9AF /* TaskTableViewCell.xib in Resources */ = {isa = PBXBuildFile; fileRef = 11F89E802B123B6000EBB9AF /* TaskTableViewCell.xib */; };
		11F89E932B125FF000EBB9AF /* CoreDataManager.swift in Sources */ = {isa = PBXBuildFile; fileRef = 11F89E922B125FF000EBB9AF /* CoreDataManager.swift */; };
		B5D5E2ED47927762593ED706 /* Pods_WeekPulseTests.framework in Frameworks */ = {isa = PBXBuildFile; fileRef = F3363C89A566E4C4261F15B2 /* Pods_WeekPulseTests.framework */; };
		CB4866A6DE71E85D608F0236 /* Pods_WeekPulse_WeekPulseUITests.framework in Frameworks */ = {isa = PBXBuildFile; fileRef = 936923BCA962ED0BE1A29B4F /* Pods_WeekPulse_WeekPulseUITests.framework */; };
		E7B12DCC24A8F1E003FC690A /* Pods_WeekPulse.framework in Frameworks */ = {isa = PBXBuildFile; fileRef = 3E4A251847D3C35926A986F7 /* Pods_WeekPulse.framework */; };
/* End PBXBuildFile section */

/* Begin PBXContainerItemProxy section */
		11F89E502B0E62CA00EBB9AF /* PBXContainerItemProxy */ = {
			isa = PBXContainerItemProxy;
			containerPortal = 11F89E2E2B0E62C900EBB9AF /* Project object */;
			proxyType = 1;
			remoteGlobalIDString = 11F89E352B0E62C900EBB9AF;
			remoteInfo = WeekPulse;
		};
		11F89E5A2B0E62CA00EBB9AF /* PBXContainerItemProxy */ = {
			isa = PBXContainerItemProxy;
			containerPortal = 11F89E2E2B0E62C900EBB9AF /* Project object */;
			proxyType = 1;
			remoteGlobalIDString = 11F89E352B0E62C900EBB9AF;
			remoteInfo = WeekPulse;
		};
/* End PBXContainerItemProxy section */

/* Begin PBXFileReference section */
		0290BBFA4068A5DD10691E27 /* Pods-WeekPulseTests.debug.xcconfig */ = {isa = PBXFileReference; includeInIndex = 1; lastKnownFileType = text.xcconfig; name = "Pods-WeekPulseTests.debug.xcconfig"; path = "Target Support Files/Pods-WeekPulseTests/Pods-WeekPulseTests.debug.xcconfig"; sourceTree = "<group>"; };
		118D32FD2B37595E009C8B0B /* TaskEntity+CoreDataProperties.swift */ = {isa = PBXFileReference; fileEncoding = 4; lastKnownFileType = sourcecode.swift; path = "TaskEntity+CoreDataProperties.swift"; sourceTree = SOURCE_ROOT; };
		118D32FE2B37595E009C8B0B /* TaskEntity+CoreDataClass.swift */ = {isa = PBXFileReference; fileEncoding = 4; lastKnownFileType = sourcecode.swift; path = "TaskEntity+CoreDataClass.swift"; sourceTree = SOURCE_ROOT; };
		118D33182B39CF1B009C8B0B /* ToTaskVCProtocol.swift */ = {isa = PBXFileReference; lastKnownFileType = sourcecode.swift; path = ToTaskVCProtocol.swift; sourceTree = "<group>"; };
		11F89E362B0E62C900EBB9AF /* WeekPulse.app */ = {isa = PBXFileReference; explicitFileType = wrapper.application; includeInIndex = 0; path = WeekPulse.app; sourceTree = BUILT_PRODUCTS_DIR; };
		11F89E392B0E62C900EBB9AF /* AppDelegate.swift */ = {isa = PBXFileReference; lastKnownFileType = sourcecode.swift; path = AppDelegate.swift; sourceTree = "<group>"; };
		11F89E3B2B0E62C900EBB9AF /* SceneDelegate.swift */ = {isa = PBXFileReference; lastKnownFileType = sourcecode.swift; path = SceneDelegate.swift; sourceTree = "<group>"; };
		11F89E3D2B0E62C900EBB9AF /* ViewController.swift */ = {isa = PBXFileReference; lastKnownFileType = sourcecode.swift; path = ViewController.swift; sourceTree = "<group>"; };
		11F89E402B0E62C900EBB9AF /* Base */ = {isa = PBXFileReference; lastKnownFileType = file.storyboard; name = Base; path = Base.lproj/Main.storyboard; sourceTree = "<group>"; };
		11F89E432B0E62C900EBB9AF /* WeekPulse.xcdatamodel */ = {isa = PBXFileReference; lastKnownFileType = wrapper.xcdatamodel; path = WeekPulse.xcdatamodel; sourceTree = "<group>"; };
		11F89E452B0E62CA00EBB9AF /* Assets.xcassets */ = {isa = PBXFileReference; lastKnownFileType = folder.assetcatalog; path = Assets.xcassets; sourceTree = "<group>"; };
		11F89E482B0E62CA00EBB9AF /* Base */ = {isa = PBXFileReference; lastKnownFileType = file.storyboard; name = Base; path = Base.lproj/LaunchScreen.storyboard; sourceTree = "<group>"; };
		11F89E4A2B0E62CA00EBB9AF /* Info.plist */ = {isa = PBXFileReference; lastKnownFileType = text.plist.xml; path = Info.plist; sourceTree = "<group>"; };
		11F89E4F2B0E62CA00EBB9AF /* WeekPulseTests.xctest */ = {isa = PBXFileReference; explicitFileType = wrapper.cfbundle; includeInIndex = 0; path = WeekPulseTests.xctest; sourceTree = BUILT_PRODUCTS_DIR; };
		11F89E532B0E62CA00EBB9AF /* WeekPulseTests.swift */ = {isa = PBXFileReference; lastKnownFileType = sourcecode.swift; path = WeekPulseTests.swift; sourceTree = "<group>"; };
		11F89E592B0E62CA00EBB9AF /* WeekPulseUITests.xctest */ = {isa = PBXFileReference; explicitFileType = wrapper.cfbundle; includeInIndex = 0; path = WeekPulseUITests.xctest; sourceTree = BUILT_PRODUCTS_DIR; };
		11F89E5D2B0E62CA00EBB9AF /* WeekPulseUITests.swift */ = {isa = PBXFileReference; lastKnownFileType = sourcecode.swift; path = WeekPulseUITests.swift; sourceTree = "<group>"; };
		11F89E5F2B0E62CA00EBB9AF /* WeekPulseUITestsLaunchTests.swift */ = {isa = PBXFileReference; lastKnownFileType = sourcecode.swift; path = WeekPulseUITestsLaunchTests.swift; sourceTree = "<group>"; };
		11F89E772B11056800EBB9AF /* TaskViewController.swift */ = {isa = PBXFileReference; lastKnownFileType = sourcecode.swift; path = TaskViewController.swift; sourceTree = "<group>"; };
		11F89E7F2B123B6000EBB9AF /* TaskTableViewCell.swift */ = {isa = PBXFileReference; lastKnownFileType = sourcecode.swift; path = TaskTableViewCell.swift; sourceTree = "<group>"; };
		11F89E802B123B6000EBB9AF /* TaskTableViewCell.xib */ = {isa = PBXFileReference; lastKnownFileType = file.xib; path = TaskTableViewCell.xib; sourceTree = "<group>"; };
		11F89E922B125FF000EBB9AF /* CoreDataManager.swift */ = {isa = PBXFileReference; lastKnownFileType = sourcecode.swift; path = CoreDataManager.swift; sourceTree = "<group>"; };
		2838CD73E6405525FC7D783F /* Pods-WeekPulseTests.release.xcconfig */ = {isa = PBXFileReference; includeInIndex = 1; lastKnownFileType = text.xcconfig; name = "Pods-WeekPulseTests.release.xcconfig"; path = "Target Support Files/Pods-WeekPulseTests/Pods-WeekPulseTests.release.xcconfig"; sourceTree = "<group>"; };
		2ECEFB1C33D0524C30DAB2B0 /* Pods-WeekPulse.release.xcconfig */ = {isa = PBXFileReference; includeInIndex = 1; lastKnownFileType = text.xcconfig; name = "Pods-WeekPulse.release.xcconfig"; path = "Target Support Files/Pods-WeekPulse/Pods-WeekPulse.release.xcconfig"; sourceTree = "<group>"; };
		3E4A251847D3C35926A986F7 /* Pods_WeekPulse.framework */ = {isa = PBXFileReference; explicitFileType = wrapper.framework; includeInIndex = 0; path = Pods_WeekPulse.framework; sourceTree = BUILT_PRODUCTS_DIR; };
		90BC7925D46ACB66BDE50D81 /* Pods-WeekPulse.debug.xcconfig */ = {isa = PBXFileReference; includeInIndex = 1; lastKnownFileType = text.xcconfig; name = "Pods-WeekPulse.debug.xcconfig"; path = "Target Support Files/Pods-WeekPulse/Pods-WeekPulse.debug.xcconfig"; sourceTree = "<group>"; };
		936923BCA962ED0BE1A29B4F /* Pods_WeekPulse_WeekPulseUITests.framework */ = {isa = PBXFileReference; explicitFileType = wrapper.framework; includeInIndex = 0; path = Pods_WeekPulse_WeekPulseUITests.framework; sourceTree = BUILT_PRODUCTS_DIR; };
		A66FAAC2EA68AE05367A3DF9 /* Pods-WeekPulse-WeekPulseUITests.release.xcconfig */ = {isa = PBXFileReference; includeInIndex = 1; lastKnownFileType = text.xcconfig; name = "Pods-WeekPulse-WeekPulseUITests.release.xcconfig"; path = "Target Support Files/Pods-WeekPulse-WeekPulseUITests/Pods-WeekPulse-WeekPulseUITests.release.xcconfig"; sourceTree = "<group>"; };
		F3363C89A566E4C4261F15B2 /* Pods_WeekPulseTests.framework */ = {isa = PBXFileReference; explicitFileType = wrapper.framework; includeInIndex = 0; path = Pods_WeekPulseTests.framework; sourceTree = BUILT_PRODUCTS_DIR; };
		F3DB0EC5D0D1A157948C12F5 /* Pods-WeekPulse-WeekPulseUITests.debug.xcconfig */ = {isa = PBXFileReference; includeInIndex = 1; lastKnownFileType = text.xcconfig; name = "Pods-WeekPulse-WeekPulseUITests.debug.xcconfig"; path = "Target Support Files/Pods-WeekPulse-WeekPulseUITests/Pods-WeekPulse-WeekPulseUITests.debug.xcconfig"; sourceTree = "<group>"; };
/* End PBXFileReference section */

/* Begin PBXFrameworksBuildPhase section */
		11F89E332B0E62C900EBB9AF /* Frameworks */ = {
			isa = PBXFrameworksBuildPhase;
			buildActionMask = 2147483647;
			files = (
				E7B12DCC24A8F1E003FC690A /* Pods_WeekPulse.framework in Frameworks */,
			);
			runOnlyForDeploymentPostprocessing = 0;
		};
		11F89E4C2B0E62CA00EBB9AF /* Frameworks */ = {
			isa = PBXFrameworksBuildPhase;
			buildActionMask = 2147483647;
			files = (
				B5D5E2ED47927762593ED706 /* Pods_WeekPulseTests.framework in Frameworks */,
			);
			runOnlyForDeploymentPostprocessing = 0;
		};
		11F89E562B0E62CA00EBB9AF /* Frameworks */ = {
			isa = PBXFrameworksBuildPhase;
			buildActionMask = 2147483647;
			files = (
				CB4866A6DE71E85D608F0236 /* Pods_WeekPulse_WeekPulseUITests.framework in Frameworks */,
			);
			runOnlyForDeploymentPostprocessing = 0;
		};
/* End PBXFrameworksBuildPhase section */

/* Begin PBXGroup section */
		118D33172B39CE1C009C8B0B /* Protocols */ = {
			isa = PBXGroup;
			children = (
				118D33182B39CF1B009C8B0B /* ToTaskVCProtocol.swift */,
			);
			path = Protocols;
			sourceTree = "<group>";
		};
		11F89E2D2B0E62C900EBB9AF = {
			isa = PBXGroup;
			children = (
				11F89E382B0E62C900EBB9AF /* WeekPulse */,
				11F89E522B0E62CA00EBB9AF /* WeekPulseTests */,
				11F89E5C2B0E62CA00EBB9AF /* WeekPulseUITests */,
				11F89E372B0E62C900EBB9AF /* Products */,
				432A764CB44F3E75100C570E /* Pods */,
				4E85F5761D777D0F614389C4 /* Frameworks */,
			);
			sourceTree = "<group>";
		};
		11F89E372B0E62C900EBB9AF /* Products */ = {
			isa = PBXGroup;
			children = (
				11F89E362B0E62C900EBB9AF /* WeekPulse.app */,
				11F89E4F2B0E62CA00EBB9AF /* WeekPulseTests.xctest */,
				11F89E592B0E62CA00EBB9AF /* WeekPulseUITests.xctest */,
			);
			name = Products;
			sourceTree = "<group>";
		};
		11F89E382B0E62C900EBB9AF /* WeekPulse */ = {
			isa = PBXGroup;
			children = (
				11F89E392B0E62C900EBB9AF /* AppDelegate.swift */,
				11F89E3B2B0E62C900EBB9AF /* SceneDelegate.swift */,
				11F89E922B125FF000EBB9AF /* CoreDataManager.swift */,
				118D33172B39CE1C009C8B0B /* Protocols */,
				11F89E792B123AC500EBB9AF /* ViewControllers */,
				11F89E842B125DDA00EBB9AF /* Models */,
				11F89E7E2B123B3600EBB9AF /* Cells */,
				11F89E3F2B0E62C900EBB9AF /* Main.storyboard */,
				11F89E452B0E62CA00EBB9AF /* Assets.xcassets */,
				11F89E472B0E62CA00EBB9AF /* LaunchScreen.storyboard */,
				11F89E4A2B0E62CA00EBB9AF /* Info.plist */,
				11F89E422B0E62C900EBB9AF /* WeekPulse.xcdatamodeld */,
			);
			path = WeekPulse;
			sourceTree = "<group>";
		};
		11F89E522B0E62CA00EBB9AF /* WeekPulseTests */ = {
			isa = PBXGroup;
			children = (
				11F89E532B0E62CA00EBB9AF /* WeekPulseTests.swift */,
			);
			path = WeekPulseTests;
			sourceTree = "<group>";
		};
		11F89E5C2B0E62CA00EBB9AF /* WeekPulseUITests */ = {
			isa = PBXGroup;
			children = (
				11F89E5D2B0E62CA00EBB9AF /* WeekPulseUITests.swift */,
				11F89E5F2B0E62CA00EBB9AF /* WeekPulseUITestsLaunchTests.swift */,
			);
			path = WeekPulseUITests;
			sourceTree = "<group>";
		};
		11F89E792B123AC500EBB9AF /* ViewControllers */ = {
			isa = PBXGroup;
			children = (
				11F89E3D2B0E62C900EBB9AF /* ViewController.swift */,
				11F89E772B11056800EBB9AF /* TaskViewController.swift */,
			);
			path = ViewControllers;
			sourceTree = "<group>";
		};
		11F89E7E2B123B3600EBB9AF /* Cells */ = {
			isa = PBXGroup;
			children = (
				11F89E7F2B123B6000EBB9AF /* TaskTableViewCell.swift */,
				11F89E802B123B6000EBB9AF /* TaskTableViewCell.xib */,
			);
			path = Cells;
			sourceTree = "<group>";
		};
		11F89E842B125DDA00EBB9AF /* Models */ = {
			isa = PBXGroup;
			children = (
				118D32FE2B37595E009C8B0B /* TaskEntity+CoreDataClass.swift */,
				118D32FD2B37595E009C8B0B /* TaskEntity+CoreDataProperties.swift */,
			);
			path = Models;
			sourceTree = "<group>";
		};
		432A764CB44F3E75100C570E /* Pods */ = {
			isa = PBXGroup;
			children = (
				90BC7925D46ACB66BDE50D81 /* Pods-WeekPulse.debug.xcconfig */,
				2ECEFB1C33D0524C30DAB2B0 /* Pods-WeekPulse.release.xcconfig */,
				F3DB0EC5D0D1A157948C12F5 /* Pods-WeekPulse-WeekPulseUITests.debug.xcconfig */,
				A66FAAC2EA68AE05367A3DF9 /* Pods-WeekPulse-WeekPulseUITests.release.xcconfig */,
				0290BBFA4068A5DD10691E27 /* Pods-WeekPulseTests.debug.xcconfig */,
				2838CD73E6405525FC7D783F /* Pods-WeekPulseTests.release.xcconfig */,
			);
			path = Pods;
			sourceTree = "<group>";
		};
		4E85F5761D777D0F614389C4 /* Frameworks */ = {
			isa = PBXGroup;
			children = (
				3E4A251847D3C35926A986F7 /* Pods_WeekPulse.framework */,
				936923BCA962ED0BE1A29B4F /* Pods_WeekPulse_WeekPulseUITests.framework */,
				F3363C89A566E4C4261F15B2 /* Pods_WeekPulseTests.framework */,
			);
			name = Frameworks;
			sourceTree = "<group>";
		};
/* End PBXGroup section */

/* Begin PBXNativeTarget section */
		11F89E352B0E62C900EBB9AF /* WeekPulse */ = {
			isa = PBXNativeTarget;
			buildConfigurationList = 11F89E632B0E62CA00EBB9AF /* Build configuration list for PBXNativeTarget "WeekPulse" */;
			buildPhases = (
				72C79F73719E5DF79389FB5B /* [CP] Check Pods Manifest.lock */,
				11F89E322B0E62C900EBB9AF /* Sources */,
				11F89E332B0E62C900EBB9AF /* Frameworks */,
				11F89E342B0E62C900EBB9AF /* Resources */,
				37863740029254C7D160346D /* [CP] Embed Pods Frameworks */,
			);
			buildRules = (
			);
			dependencies = (
			);
			name = WeekPulse;
			productName = WeekPulse;
			productReference = 11F89E362B0E62C900EBB9AF /* WeekPulse.app */;
			productType = "com.apple.product-type.application";
		};
		11F89E4E2B0E62CA00EBB9AF /* WeekPulseTests */ = {
			isa = PBXNativeTarget;
			buildConfigurationList = 11F89E662B0E62CA00EBB9AF /* Build configuration list for PBXNativeTarget "WeekPulseTests" */;
			buildPhases = (
				4441FCFC1DA3BEBF0B7EEBA8 /* [CP] Check Pods Manifest.lock */,
				11F89E4B2B0E62CA00EBB9AF /* Sources */,
				11F89E4C2B0E62CA00EBB9AF /* Frameworks */,
				11F89E4D2B0E62CA00EBB9AF /* Resources */,
			);
			buildRules = (
			);
			dependencies = (
				11F89E512B0E62CA00EBB9AF /* PBXTargetDependency */,
			);
			name = WeekPulseTests;
			productName = WeekPulseTests;
			productReference = 11F89E4F2B0E62CA00EBB9AF /* WeekPulseTests.xctest */;
			productType = "com.apple.product-type.bundle.unit-test";
		};
		11F89E582B0E62CA00EBB9AF /* WeekPulseUITests */ = {
			isa = PBXNativeTarget;
			buildConfigurationList = 11F89E692B0E62CA00EBB9AF /* Build configuration list for PBXNativeTarget "WeekPulseUITests" */;
			buildPhases = (
				A3ED16C7DC57033BCA1E8174 /* [CP] Check Pods Manifest.lock */,
				11F89E552B0E62CA00EBB9AF /* Sources */,
				11F89E562B0E62CA00EBB9AF /* Frameworks */,
				11F89E572B0E62CA00EBB9AF /* Resources */,
				AA164B4F9E40C9CE00F9C56E /* [CP] Embed Pods Frameworks */,
			);
			buildRules = (
			);
			dependencies = (
				11F89E5B2B0E62CA00EBB9AF /* PBXTargetDependency */,
			);
			name = WeekPulseUITests;
			productName = WeekPulseUITests;
			productReference = 11F89E592B0E62CA00EBB9AF /* WeekPulseUITests.xctest */;
			productType = "com.apple.product-type.bundle.ui-testing";
		};
/* End PBXNativeTarget section */

/* Begin PBXProject section */
		11F89E2E2B0E62C900EBB9AF /* Project object */ = {
			isa = PBXProject;
			attributes = {
				BuildIndependentTargetsInParallel = 1;
				LastSwiftUpdateCheck = 1500;
				LastUpgradeCheck = 1500;
				TargetAttributes = {
					11F89E352B0E62C900EBB9AF = {
						CreatedOnToolsVersion = 15.0.1;
					};
					11F89E4E2B0E62CA00EBB9AF = {
						CreatedOnToolsVersion = 15.0.1;
						TestTargetID = 11F89E352B0E62C900EBB9AF;
					};
					11F89E582B0E62CA00EBB9AF = {
						CreatedOnToolsVersion = 15.0.1;
						TestTargetID = 11F89E352B0E62C900EBB9AF;
					};
				};
			};
			buildConfigurationList = 11F89E312B0E62C900EBB9AF /* Build configuration list for PBXProject "WeekPulse" */;
			compatibilityVersion = "Xcode 14.0";
			developmentRegion = en;
			hasScannedForEncodings = 0;
			knownRegions = (
				en,
				Base,
			);
			mainGroup = 11F89E2D2B0E62C900EBB9AF;
			productRefGroup = 11F89E372B0E62C900EBB9AF /* Products */;
			projectDirPath = "";
			projectRoot = "";
			targets = (
				11F89E352B0E62C900EBB9AF /* WeekPulse */,
				11F89E4E2B0E62CA00EBB9AF /* WeekPulseTests */,
				11F89E582B0E62CA00EBB9AF /* WeekPulseUITests */,
			);
		};
/* End PBXProject section */

/* Begin PBXResourcesBuildPhase section */
		11F89E342B0E62C900EBB9AF /* Resources */ = {
			isa = PBXResourcesBuildPhase;
			buildActionMask = 2147483647;
			files = (
				11F89E492B0E62CA00EBB9AF /* LaunchScreen.storyboard in Resources */,
				11F89E462B0E62CA00EBB9AF /* Assets.xcassets in Resources */,
				11F89E412B0E62C900EBB9AF /* Main.storyboard in Resources */,
				11F89E822B123B6000EBB9AF /* TaskTableViewCell.xib in Resources */,
			);
			runOnlyForDeploymentPostprocessing = 0;
		};
		11F89E4D2B0E62CA00EBB9AF /* Resources */ = {
			isa = PBXResourcesBuildPhase;
			buildActionMask = 2147483647;
			files = (
			);
			runOnlyForDeploymentPostprocessing = 0;
		};
		11F89E572B0E62CA00EBB9AF /* Resources */ = {
			isa = PBXResourcesBuildPhase;
			buildActionMask = 2147483647;
			files = (
			);
			runOnlyForDeploymentPostprocessing = 0;
		};
/* End PBXResourcesBuildPhase section */

/* Begin PBXShellScriptBuildPhase section */
		37863740029254C7D160346D /* [CP] Embed Pods Frameworks */ = {
			isa = PBXShellScriptBuildPhase;
			buildActionMask = 2147483647;
			files = (
			);
			inputFileListPaths = (
				"${PODS_ROOT}/Target Support Files/Pods-WeekPulse/Pods-WeekPulse-frameworks-${CONFIGURATION}-input-files.xcfilelist",
			);
			name = "[CP] Embed Pods Frameworks";
			outputFileListPaths = (
				"${PODS_ROOT}/Target Support Files/Pods-WeekPulse/Pods-WeekPulse-frameworks-${CONFIGURATION}-output-files.xcfilelist",
			);
			runOnlyForDeploymentPostprocessing = 0;
			shellPath = /bin/sh;
			shellScript = "\"${PODS_ROOT}/Target Support Files/Pods-WeekPulse/Pods-WeekPulse-frameworks.sh\"\n";
			showEnvVarsInLog = 0;
		};
		4441FCFC1DA3BEBF0B7EEBA8 /* [CP] Check Pods Manifest.lock */ = {
			isa = PBXShellScriptBuildPhase;
			buildActionMask = 2147483647;
			files = (
			);
			inputFileListPaths = (
			);
			inputPaths = (
				"${PODS_PODFILE_DIR_PATH}/Podfile.lock",
				"${PODS_ROOT}/Manifest.lock",
			);
			name = "[CP] Check Pods Manifest.lock";
			outputFileListPaths = (
			);
			outputPaths = (
				"$(DERIVED_FILE_DIR)/Pods-WeekPulseTests-checkManifestLockResult.txt",
			);
			runOnlyForDeploymentPostprocessing = 0;
			shellPath = /bin/sh;
			shellScript = "diff \"${PODS_PODFILE_DIR_PATH}/Podfile.lock\" \"${PODS_ROOT}/Manifest.lock\" > /dev/null\nif [ $? != 0 ] ; then\n    # print error to STDERR\n    echo \"error: The sandbox is not in sync with the Podfile.lock. Run 'pod install' or update your CocoaPods installation.\" >&2\n    exit 1\nfi\n# This output is used by Xcode 'outputs' to avoid re-running this script phase.\necho \"SUCCESS\" > \"${SCRIPT_OUTPUT_FILE_0}\"\n";
			showEnvVarsInLog = 0;
		};
		72C79F73719E5DF79389FB5B /* [CP] Check Pods Manifest.lock */ = {
			isa = PBXShellScriptBuildPhase;
			buildActionMask = 2147483647;
			files = (
			);
			inputFileListPaths = (
			);
			inputPaths = (
				"${PODS_PODFILE_DIR_PATH}/Podfile.lock",
				"${PODS_ROOT}/Manifest.lock",
			);
			name = "[CP] Check Pods Manifest.lock";
			outputFileListPaths = (
			);
			outputPaths = (
				"$(DERIVED_FILE_DIR)/Pods-WeekPulse-checkManifestLockResult.txt",
			);
			runOnlyForDeploymentPostprocessing = 0;
			shellPath = /bin/sh;
			shellScript = "diff \"${PODS_PODFILE_DIR_PATH}/Podfile.lock\" \"${PODS_ROOT}/Manifest.lock\" > /dev/null\nif [ $? != 0 ] ; then\n    # print error to STDERR\n    echo \"error: The sandbox is not in sync with the Podfile.lock. Run 'pod install' or update your CocoaPods installation.\" >&2\n    exit 1\nfi\n# This output is used by Xcode 'outputs' to avoid re-running this script phase.\necho \"SUCCESS\" > \"${SCRIPT_OUTPUT_FILE_0}\"\n";
			showEnvVarsInLog = 0;
		};
		A3ED16C7DC57033BCA1E8174 /* [CP] Check Pods Manifest.lock */ = {
			isa = PBXShellScriptBuildPhase;
			buildActionMask = 2147483647;
			files = (
			);
			inputFileListPaths = (
			);
			inputPaths = (
				"${PODS_PODFILE_DIR_PATH}/Podfile.lock",
				"${PODS_ROOT}/Manifest.lock",
			);
			name = "[CP] Check Pods Manifest.lock";
			outputFileListPaths = (
			);
			outputPaths = (
				"$(DERIVED_FILE_DIR)/Pods-WeekPulse-WeekPulseUITests-checkManifestLockResult.txt",
			);
			runOnlyForDeploymentPostprocessing = 0;
			shellPath = /bin/sh;
			shellScript = "diff \"${PODS_PODFILE_DIR_PATH}/Podfile.lock\" \"${PODS_ROOT}/Manifest.lock\" > /dev/null\nif [ $? != 0 ] ; then\n    # print error to STDERR\n    echo \"error: The sandbox is not in sync with the Podfile.lock. Run 'pod install' or update your CocoaPods installation.\" >&2\n    exit 1\nfi\n# This output is used by Xcode 'outputs' to avoid re-running this script phase.\necho \"SUCCESS\" > \"${SCRIPT_OUTPUT_FILE_0}\"\n";
			showEnvVarsInLog = 0;
		};
		AA164B4F9E40C9CE00F9C56E /* [CP] Embed Pods Frameworks */ = {
			isa = PBXShellScriptBuildPhase;
			buildActionMask = 2147483647;
			files = (
			);
			inputFileListPaths = (
				"${PODS_ROOT}/Target Support Files/Pods-WeekPulse-WeekPulseUITests/Pods-WeekPulse-WeekPulseUITests-frameworks-${CONFIGURATION}-input-files.xcfilelist",
			);
			name = "[CP] Embed Pods Frameworks";
			outputFileListPaths = (
				"${PODS_ROOT}/Target Support Files/Pods-WeekPulse-WeekPulseUITests/Pods-WeekPulse-WeekPulseUITests-frameworks-${CONFIGURATION}-output-files.xcfilelist",
			);
			runOnlyForDeploymentPostprocessing = 0;
			shellPath = /bin/sh;
			shellScript = "\"${PODS_ROOT}/Target Support Files/Pods-WeekPulse-WeekPulseUITests/Pods-WeekPulse-WeekPulseUITests-frameworks.sh\"\n";
			showEnvVarsInLog = 0;
		};
/* End PBXShellScriptBuildPhase section */

/* Begin PBXSourcesBuildPhase section */
		11F89E322B0E62C900EBB9AF /* Sources */ = {
			isa = PBXSourcesBuildPhase;
			buildActionMask = 2147483647;
			files = (
				11F89E3E2B0E62C900EBB9AF /* ViewController.swift in Sources */,
				118D32FF2B37595E009C8B0B /* TaskEntity+CoreDataProperties.swift in Sources */,
				118D33002B37595E009C8B0B /* TaskEntity+CoreDataClass.swift in Sources */,
				11F89E3A2B0E62C900EBB9AF /* AppDelegate.swift in Sources */,
				11F89E812B123B6000EBB9AF /* TaskTableViewCell.swift in Sources */,
				11F89E782B11056800EBB9AF /* TaskViewController.swift in Sources */,
				11F89E932B125FF000EBB9AF /* CoreDataManager.swift in Sources */,
				11F89E3C2B0E62C900EBB9AF /* SceneDelegate.swift in Sources */,
				118D33192B39CF1B009C8B0B /* ToTaskVCProtocol.swift in Sources */,
				11F89E442B0E62C900EBB9AF /* WeekPulse.xcdatamodeld in Sources */,
			);
			runOnlyForDeploymentPostprocessing = 0;
		};
		11F89E4B2B0E62CA00EBB9AF /* Sources */ = {
			isa = PBXSourcesBuildPhase;
			buildActionMask = 2147483647;
			files = (
				11F89E542B0E62CA00EBB9AF /* WeekPulseTests.swift in Sources */,
			);
			runOnlyForDeploymentPostprocessing = 0;
		};
		11F89E552B0E62CA00EBB9AF /* Sources */ = {
			isa = PBXSourcesBuildPhase;
			buildActionMask = 2147483647;
			files = (
				11F89E602B0E62CA00EBB9AF /* WeekPulseUITestsLaunchTests.swift in Sources */,
				11F89E5E2B0E62CA00EBB9AF /* WeekPulseUITests.swift in Sources */,
			);
			runOnlyForDeploymentPostprocessing = 0;
		};
/* End PBXSourcesBuildPhase section */

/* Begin PBXTargetDependency section */
		11F89E512B0E62CA00EBB9AF /* PBXTargetDependency */ = {
			isa = PBXTargetDependency;
			target = 11F89E352B0E62C900EBB9AF /* WeekPulse */;
			targetProxy = 11F89E502B0E62CA00EBB9AF /* PBXContainerItemProxy */;
		};
		11F89E5B2B0E62CA00EBB9AF /* PBXTargetDependency */ = {
			isa = PBXTargetDependency;
			target = 11F89E352B0E62C900EBB9AF /* WeekPulse */;
			targetProxy = 11F89E5A2B0E62CA00EBB9AF /* PBXContainerItemProxy */;
		};
/* End PBXTargetDependency section */

/* Begin PBXVariantGroup section */
		11F89E3F2B0E62C900EBB9AF /* Main.storyboard */ = {
			isa = PBXVariantGroup;
			children = (
				11F89E402B0E62C900EBB9AF /* Base */,
			);
			name = Main.storyboard;
			sourceTree = "<group>";
		};
		11F89E472B0E62CA00EBB9AF /* LaunchScreen.storyboard */ = {
			isa = PBXVariantGroup;
			children = (
				11F89E482B0E62CA00EBB9AF /* Base */,
			);
			name = LaunchScreen.storyboard;
			sourceTree = "<group>";
		};
/* End PBXVariantGroup section */

/* Begin XCBuildConfiguration section */
		11F89E612B0E62CA00EBB9AF /* Debug */ = {
			isa = XCBuildConfiguration;
			buildSettings = {
				ALWAYS_SEARCH_USER_PATHS = NO;
				ASSETCATALOG_COMPILER_GENERATE_SWIFT_ASSET_SYMBOL_EXTENSIONS = YES;
				CLANG_ANALYZER_NONNULL = YES;
				CLANG_ANALYZER_NUMBER_OBJECT_CONVERSION = YES_AGGRESSIVE;
				CLANG_CXX_LANGUAGE_STANDARD = "gnu++20";
				CLANG_ENABLE_MODULES = YES;
				CLANG_ENABLE_OBJC_ARC = YES;
				CLANG_ENABLE_OBJC_WEAK = YES;
				CLANG_WARN_BLOCK_CAPTURE_AUTORELEASING = YES;
				CLANG_WARN_BOOL_CONVERSION = YES;
				CLANG_WARN_COMMA = YES;
				CLANG_WARN_CONSTANT_CONVERSION = YES;
				CLANG_WARN_DEPRECATED_OBJC_IMPLEMENTATIONS = YES;
				CLANG_WARN_DIRECT_OBJC_ISA_USAGE = YES_ERROR;
				CLANG_WARN_DOCUMENTATION_COMMENTS = YES;
				CLANG_WARN_EMPTY_BODY = YES;
				CLANG_WARN_ENUM_CONVERSION = YES;
				CLANG_WARN_INFINITE_RECURSION = YES;
				CLANG_WARN_INT_CONVERSION = YES;
				CLANG_WARN_NON_LITERAL_NULL_CONVERSION = YES;
				CLANG_WARN_OBJC_IMPLICIT_RETAIN_SELF = YES;
				CLANG_WARN_OBJC_LITERAL_CONVERSION = YES;
				CLANG_WARN_OBJC_ROOT_CLASS = YES_ERROR;
				CLANG_WARN_QUOTED_INCLUDE_IN_FRAMEWORK_HEADER = YES;
				CLANG_WARN_RANGE_LOOP_ANALYSIS = YES;
				CLANG_WARN_STRICT_PROTOTYPES = YES;
				CLANG_WARN_SUSPICIOUS_MOVE = YES;
				CLANG_WARN_UNGUARDED_AVAILABILITY = YES_AGGRESSIVE;
				CLANG_WARN_UNREACHABLE_CODE = YES;
				CLANG_WARN__DUPLICATE_METHOD_MATCH = YES;
				COPY_PHASE_STRIP = NO;
				DEBUG_INFORMATION_FORMAT = dwarf;
				ENABLE_STRICT_OBJC_MSGSEND = YES;
				ENABLE_TESTABILITY = YES;
				ENABLE_USER_SCRIPT_SANDBOXING = NO;
				GCC_C_LANGUAGE_STANDARD = gnu17;
				GCC_DYNAMIC_NO_PIC = NO;
				GCC_NO_COMMON_BLOCKS = YES;
				GCC_OPTIMIZATION_LEVEL = 0;
				GCC_PREPROCESSOR_DEFINITIONS = (
					"DEBUG=1",
					"$(inherited)",
				);
				GCC_WARN_64_TO_32_BIT_CONVERSION = YES;
				GCC_WARN_ABOUT_RETURN_TYPE = YES_ERROR;
				GCC_WARN_UNDECLARED_SELECTOR = YES;
				GCC_WARN_UNINITIALIZED_AUTOS = YES_AGGRESSIVE;
				GCC_WARN_UNUSED_FUNCTION = YES;
				GCC_WARN_UNUSED_VARIABLE = YES;
				IPHONEOS_DEPLOYMENT_TARGET = 17.0;
				LOCALIZATION_PREFERS_STRING_CATALOGS = YES;
				MTL_ENABLE_DEBUG_INFO = INCLUDE_SOURCE;
				MTL_FAST_MATH = YES;
				ONLY_ACTIVE_ARCH = YES;
				SDKROOT = iphoneos;
				SWIFT_ACTIVE_COMPILATION_CONDITIONS = "DEBUG $(inherited)";
				SWIFT_OPTIMIZATION_LEVEL = "-Onone";
			};
			name = Debug;
		};
		11F89E622B0E62CA00EBB9AF /* Release */ = {
			isa = XCBuildConfiguration;
			buildSettings = {
				ALWAYS_SEARCH_USER_PATHS = NO;
				ASSETCATALOG_COMPILER_GENERATE_SWIFT_ASSET_SYMBOL_EXTENSIONS = YES;
				CLANG_ANALYZER_NONNULL = YES;
				CLANG_ANALYZER_NUMBER_OBJECT_CONVERSION = YES_AGGRESSIVE;
				CLANG_CXX_LANGUAGE_STANDARD = "gnu++20";
				CLANG_ENABLE_MODULES = YES;
				CLANG_ENABLE_OBJC_ARC = YES;
				CLANG_ENABLE_OBJC_WEAK = YES;
				CLANG_WARN_BLOCK_CAPTURE_AUTORELEASING = YES;
				CLANG_WARN_BOOL_CONVERSION = YES;
				CLANG_WARN_COMMA = YES;
				CLANG_WARN_CONSTANT_CONVERSION = YES;
				CLANG_WARN_DEPRECATED_OBJC_IMPLEMENTATIONS = YES;
				CLANG_WARN_DIRECT_OBJC_ISA_USAGE = YES_ERROR;
				CLANG_WARN_DOCUMENTATION_COMMENTS = YES;
				CLANG_WARN_EMPTY_BODY = YES;
				CLANG_WARN_ENUM_CONVERSION = YES;
				CLANG_WARN_INFINITE_RECURSION = YES;
				CLANG_WARN_INT_CONVERSION = YES;
				CLANG_WARN_NON_LITERAL_NULL_CONVERSION = YES;
				CLANG_WARN_OBJC_IMPLICIT_RETAIN_SELF = YES;
				CLANG_WARN_OBJC_LITERAL_CONVERSION = YES;
				CLANG_WARN_OBJC_ROOT_CLASS = YES_ERROR;
				CLANG_WARN_QUOTED_INCLUDE_IN_FRAMEWORK_HEADER = YES;
				CLANG_WARN_RANGE_LOOP_ANALYSIS = YES;
				CLANG_WARN_STRICT_PROTOTYPES = YES;
				CLANG_WARN_SUSPICIOUS_MOVE = YES;
				CLANG_WARN_UNGUARDED_AVAILABILITY = YES_AGGRESSIVE;
				CLANG_WARN_UNREACHABLE_CODE = YES;
				CLANG_WARN__DUPLICATE_METHOD_MATCH = YES;
				COPY_PHASE_STRIP = NO;
				DEBUG_INFORMATION_FORMAT = "dwarf-with-dsym";
				ENABLE_NS_ASSERTIONS = NO;
				ENABLE_STRICT_OBJC_MSGSEND = YES;
				ENABLE_USER_SCRIPT_SANDBOXING = NO;
				GCC_C_LANGUAGE_STANDARD = gnu17;
				GCC_NO_COMMON_BLOCKS = YES;
				GCC_WARN_64_TO_32_BIT_CONVERSION = YES;
				GCC_WARN_ABOUT_RETURN_TYPE = YES_ERROR;
				GCC_WARN_UNDECLARED_SELECTOR = YES;
				GCC_WARN_UNINITIALIZED_AUTOS = YES_AGGRESSIVE;
				GCC_WARN_UNUSED_FUNCTION = YES;
				GCC_WARN_UNUSED_VARIABLE = YES;
				IPHONEOS_DEPLOYMENT_TARGET = 17.0;
				LOCALIZATION_PREFERS_STRING_CATALOGS = YES;
				MTL_ENABLE_DEBUG_INFO = NO;
				MTL_FAST_MATH = YES;
				SDKROOT = iphoneos;
				SWIFT_COMPILATION_MODE = wholemodule;
				VALIDATE_PRODUCT = YES;
			};
			name = Release;
		};
		11F89E642B0E62CA00EBB9AF /* Debug */ = {
			isa = XCBuildConfiguration;
			baseConfigurationReference = 90BC7925D46ACB66BDE50D81 /* Pods-WeekPulse.debug.xcconfig */;
			buildSettings = {
				ASSETCATALOG_COMPILER_APPICON_NAME = AppIcon;
				ASSETCATALOG_COMPILER_GLOBAL_ACCENT_COLOR_NAME = AccentColor;
				CODE_SIGN_STYLE = Automatic;
				CURRENT_PROJECT_VERSION = 1;
				DEVELOPMENT_TEAM = 8KRDAWYABH;
				GENERATE_INFOPLIST_FILE = YES;
				INFOPLIST_FILE = WeekPulse/Info.plist;
				INFOPLIST_KEY_UIApplicationSupportsIndirectInputEvents = YES;
				INFOPLIST_KEY_UILaunchStoryboardName = LaunchScreen;
				INFOPLIST_KEY_UIMainStoryboardFile = Main;
				INFOPLIST_KEY_UISupportedInterfaceOrientations_iPad = "UIInterfaceOrientationPortrait UIInterfaceOrientationPortraitUpsideDown UIInterfaceOrientationLandscapeLeft UIInterfaceOrientationLandscapeRight";
				INFOPLIST_KEY_UISupportedInterfaceOrientations_iPhone = "UIInterfaceOrientationPortrait UIInterfaceOrientationLandscapeLeft UIInterfaceOrientationLandscapeRight";
				LD_RUNPATH_SEARCH_PATHS = (
					"$(inherited)",
					"@executable_path/Frameworks",
				);
				MARKETING_VERSION = 1.0;
				PRODUCT_BUNDLE_IDENTIFIER = com.rv.sov.WeekPulse;
				PRODUCT_NAME = "$(TARGET_NAME)";
				SWIFT_EMIT_LOC_STRINGS = YES;
				SWIFT_VERSION = 5.0;
				TARGETED_DEVICE_FAMILY = "1,2";
			};
			name = Debug;
		};
		11F89E652B0E62CA00EBB9AF /* Release */ = {
			isa = XCBuildConfiguration;
			baseConfigurationReference = 2ECEFB1C33D0524C30DAB2B0 /* Pods-WeekPulse.release.xcconfig */;
			buildSettings = {
				ASSETCATALOG_COMPILER_APPICON_NAME = AppIcon;
				ASSETCATALOG_COMPILER_GLOBAL_ACCENT_COLOR_NAME = AccentColor;
				CODE_SIGN_STYLE = Automatic;
				CURRENT_PROJECT_VERSION = 1;
				DEVELOPMENT_TEAM = 8KRDAWYABH;
				GENERATE_INFOPLIST_FILE = YES;
				INFOPLIST_FILE = WeekPulse/Info.plist;
				INFOPLIST_KEY_UIApplicationSupportsIndirectInputEvents = YES;
				INFOPLIST_KEY_UILaunchStoryboardName = LaunchScreen;
				INFOPLIST_KEY_UIMainStoryboardFile = Main;
				INFOPLIST_KEY_UISupportedInterfaceOrientations_iPad = "UIInterfaceOrientationPortrait UIInterfaceOrientationPortraitUpsideDown UIInterfaceOrientationLandscapeLeft UIInterfaceOrientationLandscapeRight";
				INFOPLIST_KEY_UISupportedInterfaceOrientations_iPhone = "UIInterfaceOrientationPortrait UIInterfaceOrientationLandscapeLeft UIInterfaceOrientationLandscapeRight";
				LD_RUNPATH_SEARCH_PATHS = (
					"$(inherited)",
					"@executable_path/Frameworks",
				);
				MARKETING_VERSION = 1.0;
				PRODUCT_BUNDLE_IDENTIFIER = com.rv.sov.WeekPulse;
				PRODUCT_NAME = "$(TARGET_NAME)";
				SWIFT_EMIT_LOC_STRINGS = YES;
				SWIFT_VERSION = 5.0;
				TARGETED_DEVICE_FAMILY = "1,2";
			};
			name = Release;
		};
		11F89E672B0E62CA00EBB9AF /* Debug */ = {
			isa = XCBuildConfiguration;
			baseConfigurationReference = 0290BBFA4068A5DD10691E27 /* Pods-WeekPulseTests.debug.xcconfig */;
			buildSettings = {
				ALWAYS_EMBED_SWIFT_STANDARD_LIBRARIES = YES;
				BUNDLE_LOADER = "$(TEST_HOST)";
				CODE_SIGN_STYLE = Automatic;
				CURRENT_PROJECT_VERSION = 1;
				DEVELOPMENT_TEAM = 8KRDAWYABH;
				GENERATE_INFOPLIST_FILE = YES;
				IPHONEOS_DEPLOYMENT_TARGET = 17.0;
				MARKETING_VERSION = 1.0;
				PRODUCT_BUNDLE_IDENTIFIER = com.rv.sov.WeekPulseTests;
				PRODUCT_NAME = "$(TARGET_NAME)";
				SWIFT_EMIT_LOC_STRINGS = NO;
				SWIFT_VERSION = 5.0;
				TARGETED_DEVICE_FAMILY = "1,2";
				TEST_HOST = "$(BUILT_PRODUCTS_DIR)/WeekPulse.app/$(BUNDLE_EXECUTABLE_FOLDER_PATH)/WeekPulse";
			};
			name = Debug;
		};
		11F89E682B0E62CA00EBB9AF /* Release */ = {
			isa = XCBuildConfiguration;
			baseConfigurationReference = 2838CD73E6405525FC7D783F /* Pods-WeekPulseTests.release.xcconfig */;
			buildSettings = {
				ALWAYS_EMBED_SWIFT_STANDARD_LIBRARIES = YES;
				BUNDLE_LOADER = "$(TEST_HOST)";
				CODE_SIGN_STYLE = Automatic;
				CURRENT_PROJECT_VERSION = 1;
				DEVELOPMENT_TEAM = 8KRDAWYABH;
				GENERATE_INFOPLIST_FILE = YES;
				IPHONEOS_DEPLOYMENT_TARGET = 17.0;
				MARKETING_VERSION = 1.0;
				PRODUCT_BUNDLE_IDENTIFIER = com.rv.sov.WeekPulseTests;
				PRODUCT_NAME = "$(TARGET_NAME)";
				SWIFT_EMIT_LOC_STRINGS = NO;
				SWIFT_VERSION = 5.0;
				TARGETED_DEVICE_FAMILY = "1,2";
				TEST_HOST = "$(BUILT_PRODUCTS_DIR)/WeekPulse.app/$(BUNDLE_EXECUTABLE_FOLDER_PATH)/WeekPulse";
			};
			name = Release;
		};
		11F89E6A2B0E62CA00EBB9AF /* Debug */ = {
			isa = XCBuildConfiguration;
			baseConfigurationReference = F3DB0EC5D0D1A157948C12F5 /* Pods-WeekPulse-WeekPulseUITests.debug.xcconfig */;
			buildSettings = {
				ALWAYS_EMBED_SWIFT_STANDARD_LIBRARIES = YES;
				CODE_SIGN_STYLE = Automatic;
				CURRENT_PROJECT_VERSION = 1;
				DEVELOPMENT_TEAM = 8KRDAWYABH;
				GENERATE_INFOPLIST_FILE = YES;
				MARKETING_VERSION = 1.0;
				PRODUCT_BUNDLE_IDENTIFIER = com.rv.sov.WeekPulseUITests;
				PRODUCT_NAME = "$(TARGET_NAME)";
				SWIFT_EMIT_LOC_STRINGS = NO;
				SWIFT_VERSION = 5.0;
				TARGETED_DEVICE_FAMILY = "1,2";
				TEST_TARGET_NAME = WeekPulse;
			};
			name = Debug;
		};
		11F89E6B2B0E62CA00EBB9AF /* Release */ = {
			isa = XCBuildConfiguration;
			baseConfigurationReference = A66FAAC2EA68AE05367A3DF9 /* Pods-WeekPulse-WeekPulseUITests.release.xcconfig */;
			buildSettings = {
				ALWAYS_EMBED_SWIFT_STANDARD_LIBRARIES = YES;
				CODE_SIGN_STYLE = Automatic;
				CURRENT_PROJECT_VERSION = 1;
				DEVELOPMENT_TEAM = 8KRDAWYABH;
				GENERATE_INFOPLIST_FILE = YES;
				MARKETING_VERSION = 1.0;
				PRODUCT_BUNDLE_IDENTIFIER = com.rv.sov.WeekPulseUITests;
				PRODUCT_NAME = "$(TARGET_NAME)";
				SWIFT_EMIT_LOC_STRINGS = NO;
				SWIFT_VERSION = 5.0;
				TARGETED_DEVICE_FAMILY = "1,2";
				TEST_TARGET_NAME = WeekPulse;
			};
			name = Release;
		};
/* End XCBuildConfiguration section */

/* Begin XCConfigurationList section */
		11F89E312B0E62C900EBB9AF /* Build configuration list for PBXProject "WeekPulse" */ = {
			isa = XCConfigurationList;
			buildConfigurations = (
				11F89E612B0E62CA00EBB9AF /* Debug */,
				11F89E622B0E62CA00EBB9AF /* Release */,
			);
			defaultConfigurationIsVisible = 0;
			defaultConfigurationName = Release;
		};
		11F89E632B0E62CA00EBB9AF /* Build configuration list for PBXNativeTarget "WeekPulse" */ = {
			isa = XCConfigurationList;
			buildConfigurations = (
				11F89E642B0E62CA00EBB9AF /* Debug */,
				11F89E652B0E62CA00EBB9AF /* Release */,
			);
			defaultConfigurationIsVisible = 0;
			defaultConfigurationName = Release;
		};
		11F89E662B0E62CA00EBB9AF /* Build configuration list for PBXNativeTarget "WeekPulseTests" */ = {
			isa = XCConfigurationList;
			buildConfigurations = (
				11F89E672B0E62CA00EBB9AF /* Debug */,
				11F89E682B0E62CA00EBB9AF /* Release */,
			);
			defaultConfigurationIsVisible = 0;
			defaultConfigurationName = Release;
		};
		11F89E692B0E62CA00EBB9AF /* Build configuration list for PBXNativeTarget "WeekPulseUITests" */ = {
			isa = XCConfigurationList;
			buildConfigurations = (
				11F89E6A2B0E62CA00EBB9AF /* Debug */,
				11F89E6B2B0E62CA00EBB9AF /* Release */,
			);
			defaultConfigurationIsVisible = 0;
			defaultConfigurationName = Release;
		};
/* End XCConfigurationList section */

/* Begin XCVersionGroup section */
		11F89E422B0E62C900EBB9AF /* WeekPulse.xcdatamodeld */ = {
			isa = XCVersionGroup;
			children = (
				11F89E432B0E62C900EBB9AF /* WeekPulse.xcdatamodel */,
			);
			currentVersion = 11F89E432B0E62C900EBB9AF /* WeekPulse.xcdatamodel */;
			path = WeekPulse.xcdatamodeld;
			sourceTree = "<group>";
			versionGroupType = wrapper.xcdatamodel;
		};
/* End XCVersionGroup section */
	};
	rootObject = 11F89E2E2B0E62C900EBB9AF /* Project object */;
}
